
Microsoft Visual Studio Solution File, Format Version 12.00
# Visual Studio Version 17
VisualStudioVersion = 17.7.34031.279
MinimumVisualStudioVersion = 10.0.40219.1
Project("{FAE04EC0-301F-11D3-BF4B-00C04F79EFBC}") = "CountryService", "CountryService\CountryService.csproj", "{5A02A729-9BB3-4F84-9240-74D86A2196B9}"
EndProject
Global
	GlobalSection(SolutionConfigurationPlatforms) = preSolution
		Debug|Any CPU = Debug|Any CPU
		Release|Any CPU = Release|Any CPU
	EndGlobalSection
	GlobalSection(ProjectConfigurationPlatforms) = postSolution
		{5A02A729-9BB3-4F84-9240-74D86A2196B9}.Debug|Any CPU.ActiveCfg = Debug|Any CPU
		{5A02A729-9BB3-4F84-9240-74D86A2196B9}.Debug|Any CPU.Build.0 = Debug|Any CPU
		{5A02A729-9BB3-4F84-9240-74D86A2196B9}.Release|Any CPU.ActiveCfg = Release|Any CPU
		{5A02A729-9BB3-4F84-9240-74D86A2196B9}.Release|Any CPU.Build.0 = Release|Any CPU
	EndGlobalSection
	GlobalSection(SolutionProperties) = preSolution
		HideSolutionNode = FALSE
	EndGlobalSection
	GlobalSection(ExtensibilityGlobals) = postSolution
		SolutionGuid = {DF48E5E8-2592-490E-B2D0-83F0C34098BA}
	EndGlobalSection
EndGlobal
